
Microsoft Visual Studio Solution File, Format Version 12.00
# Visual Studio Version 16
VisualStudioVersion = 16.0.810.13
MinimumVisualStudioVersion = 10.0.40219.1
Project("{FAE04EC0-301F-11D3-BF4B-00C04F79EFBC}") = "VehicleRestAPI", "VehicleRestAPI\VehicleRestAPI.csproj", "{00190774-1E33-4B2C-874E-3884C2CE3AF9}"
EndProject
Project("{FAE04EC0-301F-11D3-BF4B-00C04F79EFBC}") = "VehicleRestAPITest", "VehicleRestAPITest\VehicleRestAPITest.csproj", "{B649D1E5-B5E7-4719-8C17-711A719D65D7}"
EndProject
Project("{FAE04EC0-301F-11D3-BF4B-00C04F79EFBC}") = "VehicleAPIClient", "VehicleAPIClient\VehicleAPIClient.csproj", "{F6B5FEBC-48DF-498D-A63F-770C4C8DDEC0}"
EndProject
Global
	GlobalSection(SolutionConfigurationPlatforms) = preSolution
		Debug|Any CPU = Debug|Any CPU
		Release|Any CPU = Release|Any CPU
	EndGlobalSection
	GlobalSection(ProjectConfigurationPlatforms) = postSolution
		{00190774-1E33-4B2C-874E-3884C2CE3AF9}.Debug|Any CPU.ActiveCfg = Debug|Any CPU
		{00190774-1E33-4B2C-874E-3884C2CE3AF9}.Debug|Any CPU.Build.0 = Debug|Any CPU
		{00190774-1E33-4B2C-874E-3884C2CE3AF9}.Release|Any CPU.ActiveCfg = Release|Any CPU
		{00190774-1E33-4B2C-874E-3884C2CE3AF9}.Release|Any CPU.Build.0 = Release|Any CPU
		{B649D1E5-B5E7-4719-8C17-711A719D65D7}.Debug|Any CPU.ActiveCfg = Debug|Any CPU
		{B649D1E5-B5E7-4719-8C17-711A719D65D7}.Debug|Any CPU.Build.0 = Debug|Any CPU
		{B649D1E5-B5E7-4719-8C17-711A719D65D7}.Release|Any CPU.ActiveCfg = Release|Any CPU
		{B649D1E5-B5E7-4719-8C17-711A719D65D7}.Release|Any CPU.Build.0 = Release|Any CPU
		{F6B5FEBC-48DF-498D-A63F-770C4C8DDEC0}.Debug|Any CPU.ActiveCfg = Debug|Any CPU
		{F6B5FEBC-48DF-498D-A63F-770C4C8DDEC0}.Debug|Any CPU.Build.0 = Debug|Any CPU
		{F6B5FEBC-48DF-498D-A63F-770C4C8DDEC0}.Release|Any CPU.ActiveCfg = Release|Any CPU
		{F6B5FEBC-48DF-498D-A63F-770C4C8DDEC0}.Release|Any CPU.Build.0 = Release|Any CPU
	EndGlobalSection
	GlobalSection(SolutionProperties) = preSolution
		HideSolutionNode = FALSE
	EndGlobalSection
	GlobalSection(ExtensibilityGlobals) = postSolution
		SolutionGuid = {444DC06E-7D3E-492D-B569-A2F0513E1A68}
	EndGlobalSection
EndGlobal
